{
  "version": 4,
  "terraform_version": "1.0.2",
  "serial": 18,
  "lineage": "4be9b525-498c-bab5-cbdc-ff95cd48ec74",
  "outputs": {},
  "resources": [
    {
      "mode": "managed",
      "type": "azurerm_linux_virtual_machine",
      "name": "vm_master",
      "provider": "provider[\"registry.terraform.io/hashicorp/azurerm\"]",
      "instances": [
        {
          "index_key": 0,
          "schema_version": 0,
          "attributes": {
            "additional_capabilities": [],
            "admin_password": null,
            "admin_ssh_key": [
              {
                "public_key": "ssh-rsa AAAAB3NzaC1yc2EAAAADAQABAAABgQCworsTnINXux8GXmsZuOOvLy6wyzKzyJidFMJCpvSiUJ4aJEWgADNrtEGjpLuEyFXJQnbDlY3gQgkmMNDtJXwp7rZbcRb2a06cO6pTW7IRWTcpaiRPV7WBV63sPNVgv+1YfQOrClxVu5CipSaQ3QRRZI9e7m4L/eyy8ejLY4OQruY5lARQ9AWUQ3HBxp/UngBci4uqaAcffjm/z98EE2pYY4HQt2xgXsVx7e9jAU1KgoUycWAk9KqiL0bQDfEl+phTw+meTUlkJJDiiup6/D3DdrCqb7vYwWXXHgJx5+T7xKO6mmgL5l8NLiVWZ+v/y/0ZmHeV/KWJ68ZdweY9Wh3uu+YZDqjMj8GOa+5S5QCTDaVLeLhvRLjQJcWA6qBKCYS0C9lUipG/PzpZb0JuvWQDr2Vnrus8wIszXxtxgvgr8WLI+0Clfny+2NH1S5JJlttBQVkVKIbGXJK42ZCWWK8f9qLazjlRL6/Hzks5RtaTuNtkz8Hkk+Yce6CFnpoOSUs= danihzt@gmail.com\n",
                "username": "adminUsername"
              }
            ],
            "admin_username": "adminUsername",
            "allow_extension_operations": true,
            "availability_set_id": "",
            "boot_diagnostics": [
              {
                "storage_account_uri": "https://storageddiezunir.blob.core.windows.net/"
              }
            ],
            "computer_name": "worker1.localhostunir.local",
            "custom_data": null,
            "dedicated_host_id": "",
            "disable_password_authentication": true,
            "encryption_at_host_enabled": false,
            "eviction_policy": "",
            "extensions_time_budget": "PT1H30M",
            "id": "/subscriptions/efcd6506-0ba0-4788-8a59-66fde08366bc/resourceGroups/kubernetesrg/providers/Microsoft.Compute/virtualMachines/master.localhostunir.local",
            "identity": [],
            "location": "westeurope",
            "max_bid_price": -1,
            "name": "master.localhostunir.local",
            "network_interface_ids": [
              "/subscriptions/efcd6506-0ba0-4788-8a59-66fde08366bc/resourceGroups/kubernetesrg/providers/Microsoft.Network/networkInterfaces/nic-master.localhostunir.local"
            ],
            "os_disk": [
              {
                "caching": "ReadWrite",
                "diff_disk_settings": [],
                "disk_encryption_set_id": "",
                "disk_size_gb": 30,
                "name": "master.localhostunir.local_OsDisk_1_8e6a38c790f8483b9114752edf38e046",
                "storage_account_type": "Standard_LRS",
                "write_accelerator_enabled": false
              }
            ],
            "plan": [
              {
                "name": "centos-8-stream-free",
                "product": "centos-8-stream-free",
                "publisher": "cognosys"
              }
            ],
            "priority": "Regular",
            "private_ip_address": "10.0.1.10",
            "private_ip_addresses": [
              "10.0.1.10"
            ],
            "provision_vm_agent": true,
            "proximity_placement_group_id": "",
            "public_ip_address": "20.101.34.36",
            "public_ip_addresses": [
              "20.101.34.36"
            ],
            "resource_group_name": "kubernetesrg",
            "secret": [],
            "size": "Standard_B2s",
            "source_image_id": "",
            "source_image_reference": [
              {
                "offer": "centos-8-stream-free",
                "publisher": "cognosys",
                "sku": "centos-8-stream-free",
                "version": "1.2019.0810"
              }
            ],
            "tags": {
              "environment": "CP2"
            },
            "timeouts": null,
            "virtual_machine_id": "df14e35e-7b06-439a-b108-a9bcd8888f38",
            "virtual_machine_scale_set_id": "",
            "zone": ""
          },
          "sensitive_attributes": [],
          "private": "eyJlMmJmYjczMC1lY2FhLTExZTYtOGY4OC0zNDM2M2JjN2M0YzAiOnsiY3JlYXRlIjoyNzAwMDAwMDAwMDAwLCJkZWxldGUiOjI3MDAwMDAwMDAwMDAsInJlYWQiOjMwMDAwMDAwMDAwMCwidXBkYXRlIjoyNzAwMDAwMDAwMDAwfX0=",
          "dependencies": [
            "azurerm_network_interface.myNicMaster",
            "azurerm_public_ip.myPublicIPMaster",
            "azurerm_resource_group.rg",
            "azurerm_storage_account.stAccount",
            "azurerm_subnet.mySubnet",
            "azurerm_virtual_network.myNet"
          ]
        }
      ]
    },
    {
      "mode": "managed",
      "type": "azurerm_linux_virtual_machine",
      "name": "vm_worker",
      "provider": "provider[\"registry.terraform.io/hashicorp/azurerm\"]",
      "instances": [
        {
          "index_key": 0,
          "schema_version": 0,
          "attributes": {
            "additional_capabilities": [],
            "admin_password": null,
            "admin_ssh_key": [
              {
                "public_key": "ssh-rsa AAAAB3NzaC1yc2EAAAADAQABAAABgQCworsTnINXux8GXmsZuOOvLy6wyzKzyJidFMJCpvSiUJ4aJEWgADNrtEGjpLuEyFXJQnbDlY3gQgkmMNDtJXwp7rZbcRb2a06cO6pTW7IRWTcpaiRPV7WBV63sPNVgv+1YfQOrClxVu5CipSaQ3QRRZI9e7m4L/eyy8ejLY4OQruY5lARQ9AWUQ3HBxp/UngBci4uqaAcffjm/z98EE2pYY4HQt2xgXsVx7e9jAU1KgoUycWAk9KqiL0bQDfEl+phTw+meTUlkJJDiiup6/D3DdrCqb7vYwWXXHgJx5+T7xKO6mmgL5l8NLiVWZ+v/y/0ZmHeV/KWJ68ZdweY9Wh3uu+YZDqjMj8GOa+5S5QCTDaVLeLhvRLjQJcWA6qBKCYS0C9lUipG/PzpZb0JuvWQDr2Vnrus8wIszXxtxgvgr8WLI+0Clfny+2NH1S5JJlttBQVkVKIbGXJK42ZCWWK8f9qLazjlRL6/Hzks5RtaTuNtkz8Hkk+Yce6CFnpoOSUs= danihzt@gmail.com\n",
                "username": "adminUsername"
              }
            ],
            "admin_username": "adminUsername",
            "allow_extension_operations": true,
            "availability_set_id": "",
            "boot_diagnostics": [
              {
                "storage_account_uri": "https://storageddiezunir.blob.core.windows.net/"
              }
            ],
            "computer_name": "worker1.localhostunir.local",
            "custom_data": null,
            "dedicated_host_id": "",
            "disable_password_authentication": true,
            "encryption_at_host_enabled": false,
            "eviction_policy": "",
            "extensions_time_budget": "PT1H30M",
            "id": "/subscriptions/efcd6506-0ba0-4788-8a59-66fde08366bc/resourceGroups/kubernetesrg/providers/Microsoft.Compute/virtualMachines/worker1.localhostunir.local",
            "identity": [],
            "location": "westeurope",
            "max_bid_price": -1,
            "name": "worker1.localhostunir.local",
            "network_interface_ids": [
              "/subscriptions/efcd6506-0ba0-4788-8a59-66fde08366bc/resourceGroups/kubernetesrg/providers/Microsoft.Network/networkInterfaces/nic-worker1.localhostunir.local"
            ],
            "os_disk": [
              {
                "caching": "ReadWrite",
                "diff_disk_settings": [],
                "disk_encryption_set_id": "",
                "disk_size_gb": 30,
                "name": "worker1.localhostunir.local_OsDisk_1_7c818f3a37e4498e9a523556c29e753f",
                "storage_account_type": "Standard_LRS",
                "write_accelerator_enabled": false
              }
            ],
            "plan": [
              {
                "name": "centos-8-stream-free",
                "product": "centos-8-stream-free",
                "publisher": "cognosys"
              }
            ],
            "priority": "Regular",
            "private_ip_address": "10.0.1.20",
            "private_ip_addresses": [
              "10.0.1.20"
            ],
            "provision_vm_agent": true,
            "proximity_placement_group_id": "",
            "public_ip_address": "20.101.35.5",
            "public_ip_addresses": [
              "20.101.35.5"
            ],
            "resource_group_name": "kubernetesrg",
            "secret": [],
            "size": "Standard_D1_v2",
            "source_image_id": "",
            "source_image_reference": [
              {
                "offer": "centos-8-stream-free",
                "publisher": "cognosys",
                "sku": "centos-8-stream-free",
                "version": "1.2019.0810"
              }
            ],
            "tags": {
              "environment": "CP2"
            },
            "timeouts": null,
            "virtual_machine_id": "03fd6440-81a8-4c21-a1dd-fa7be1c43c23",
            "virtual_machine_scale_set_id": "",
            "zone": ""
          },
          "sensitive_attributes": [],
          "private": "eyJlMmJmYjczMC1lY2FhLTExZTYtOGY4OC0zNDM2M2JjN2M0YzAiOnsiY3JlYXRlIjoyNzAwMDAwMDAwMDAwLCJkZWxldGUiOjI3MDAwMDAwMDAwMDAsInJlYWQiOjMwMDAwMDAwMDAwMCwidXBkYXRlIjoyNzAwMDAwMDAwMDAwfX0=",
          "dependencies": [
            "azurerm_network_interface.myNicWorkers",
            "azurerm_public_ip.myPublicIPWorker",
            "azurerm_resource_group.rg",
            "azurerm_storage_account.stAccount",
            "azurerm_subnet.mySubnet",
            "azurerm_virtual_network.myNet"
          ]
        },
        {
          "index_key": 1,
          "schema_version": 0,
          "attributes": {
            "additional_capabilities": [],
            "admin_password": null,
            "admin_ssh_key": [
              {
                "public_key": "ssh-rsa AAAAB3NzaC1yc2EAAAADAQABAAABgQCworsTnINXux8GXmsZuOOvLy6wyzKzyJidFMJCpvSiUJ4aJEWgADNrtEGjpLuEyFXJQnbDlY3gQgkmMNDtJXwp7rZbcRb2a06cO6pTW7IRWTcpaiRPV7WBV63sPNVgv+1YfQOrClxVu5CipSaQ3QRRZI9e7m4L/eyy8ejLY4OQruY5lARQ9AWUQ3HBxp/UngBci4uqaAcffjm/z98EE2pYY4HQt2xgXsVx7e9jAU1KgoUycWAk9KqiL0bQDfEl+phTw+meTUlkJJDiiup6/D3DdrCqb7vYwWXXHgJx5+T7xKO6mmgL5l8NLiVWZ+v/y/0ZmHeV/KWJ68ZdweY9Wh3uu+YZDqjMj8GOa+5S5QCTDaVLeLhvRLjQJcWA6qBKCYS0C9lUipG/PzpZb0JuvWQDr2Vnrus8wIszXxtxgvgr8WLI+0Clfny+2NH1S5JJlttBQVkVKIbGXJK42ZCWWK8f9qLazjlRL6/Hzks5RtaTuNtkz8Hkk+Yce6CFnpoOSUs= danihzt@gmail.com\n",
                "username": "adminUsername"
              }
            ],
            "admin_username": "adminUsername",
            "allow_extension_operations": true,
            "availability_set_id": "",
            "boot_diagnostics": [
              {
                "storage_account_uri": "https://storageddiezunir.blob.core.windows.net/"
              }
            ],
            "computer_name": "worker2.localhostunir.local",
            "custom_data": null,
            "dedicated_host_id": "",
            "disable_password_authentication": true,
            "encryption_at_host_enabled": false,
            "eviction_policy": "",
            "extensions_time_budget": "PT1H30M",
            "id": "/subscriptions/efcd6506-0ba0-4788-8a59-66fde08366bc/resourceGroups/kubernetesrg/providers/Microsoft.Compute/virtualMachines/worker2.localhostunir.local",
            "identity": [],
            "location": "westeurope",
            "max_bid_price": -1,
            "name": "worker2.localhostunir.local",
            "network_interface_ids": [
              "/subscriptions/efcd6506-0ba0-4788-8a59-66fde08366bc/resourceGroups/kubernetesrg/providers/Microsoft.Network/networkInterfaces/nic-worker2.localhostunir.local"
            ],
            "os_disk": [
              {
                "caching": "ReadWrite",
                "diff_disk_settings": [],
                "disk_encryption_set_id": "",
                "disk_size_gb": 30,
                "name": "worker2.localhostunir.local_OsDisk_1_67dfb9d227b5496d801e00b40d93543c",
                "storage_account_type": "Standard_LRS",
                "write_accelerator_enabled": false
              }
            ],
            "plan": [
              {
                "name": "centos-8-stream-free",
                "product": "centos-8-stream-free",
                "publisher": "cognosys"
              }
            ],
            "priority": "Regular",
            "private_ip_address": "10.0.1.21",
            "private_ip_addresses": [
              "10.0.1.21"
            ],
            "provision_vm_agent": true,
            "proximity_placement_group_id": "",
            "public_ip_address": "20.101.34.59",
            "public_ip_addresses": [
              "20.101.34.59"
            ],
            "resource_group_name": "kubernetesrg",
            "secret": [],
            "size": "Standard_D1_v2",
            "source_image_id": "",
            "source_image_reference": [
              {
                "offer": "centos-8-stream-free",
                "publisher": "cognosys",
                "sku": "centos-8-stream-free",
                "version": "1.2019.0810"
              }
            ],
            "tags": {
              "environment": "CP2"
            },
            "timeouts": null,
            "virtual_machine_id": "e88372c2-91bd-44db-a0ae-a6b5843d52a0",
            "virtual_machine_scale_set_id": "",
            "zone": ""
          },
          "sensitive_attributes": [],
          "private": "eyJlMmJmYjczMC1lY2FhLTExZTYtOGY4OC0zNDM2M2JjN2M0YzAiOnsiY3JlYXRlIjoyNzAwMDAwMDAwMDAwLCJkZWxldGUiOjI3MDAwMDAwMDAwMDAsInJlYWQiOjMwMDAwMDAwMDAwMCwidXBkYXRlIjoyNzAwMDAwMDAwMDAwfX0=",
          "dependencies": [
            "azurerm_network_interface.myNicWorkers",
            "azurerm_public_ip.myPublicIPWorker",
            "azurerm_resource_group.rg",
            "azurerm_storage_account.stAccount",
            "azurerm_subnet.mySubnet",
            "azurerm_virtual_network.myNet"
          ]
        }
      ]
    },
    {
      "mode": "managed",
      "type": "azurerm_network_interface",
      "name": "myNicMaster",
      "provider": "provider[\"registry.terraform.io/hashicorp/azurerm\"]",
      "instances": [
        {
          "index_key": 0,
          "schema_version": 0,
          "attributes": {
            "applied_dns_servers": [],
            "dns_servers": [],
            "enable_accelerated_networking": false,
            "enable_ip_forwarding": false,
            "id": "/subscriptions/efcd6506-0ba0-4788-8a59-66fde08366bc/resourceGroups/kubernetesrg/providers/Microsoft.Network/networkInterfaces/nic-master.localhostunir.local",
            "internal_dns_name_label": "",
            "internal_domain_name_suffix": "hjwpvlnpuvwu5ldqodqi5qsdnh.ax.internal.cloudapp.net",
            "ip_configuration": [
              {
                "name": "ipconfig-master.localhostunir.local",
                "primary": true,
                "private_ip_address": "10.0.1.10",
                "private_ip_address_allocation": "Static",
                "private_ip_address_version": "IPv4",
                "public_ip_address_id": "/subscriptions/efcd6506-0ba0-4788-8a59-66fde08366bc/resourceGroups/kubernetesrg/providers/Microsoft.Network/publicIPAddresses/pubip-master.localhostunir.local",
                "subnet_id": "/subscriptions/efcd6506-0ba0-4788-8a59-66fde08366bc/resourceGroups/kubernetesrg/providers/Microsoft.Network/virtualNetworks/kubernetesnet/subnets/terraformsubnet"
              }
            ],
            "location": "westeurope",
            "mac_address": "",
            "name": "nic-master.localhostunir.local",
            "private_ip_address": "10.0.1.10",
            "private_ip_addresses": [
              "10.0.1.10"
            ],
            "resource_group_name": "kubernetesrg",
            "tags": {
              "environment": "CP2"
            },
            "timeouts": null,
            "virtual_machine_id": ""
          },
          "sensitive_attributes": [],
          "private": "eyJlMmJmYjczMC1lY2FhLTExZTYtOGY4OC0zNDM2M2JjN2M0YzAiOnsiY3JlYXRlIjoxODAwMDAwMDAwMDAwLCJkZWxldGUiOjE4MDAwMDAwMDAwMDAsInJlYWQiOjMwMDAwMDAwMDAwMCwidXBkYXRlIjoxODAwMDAwMDAwMDAwfX0=",
          "dependencies": [
            "azurerm_public_ip.myPublicIPMaster",
            "azurerm_resource_group.rg",
            "azurerm_subnet.mySubnet",
            "azurerm_virtual_network.myNet"
          ]
        }
      ]
    },
    {
      "mode": "managed",
      "type": "azurerm_network_interface",
      "name": "myNicWorkers",
      "provider": "provider[\"registry.terraform.io/hashicorp/azurerm\"]",
      "instances": [
        {
          "index_key": 0,
          "schema_version": 0,
          "attributes": {
            "applied_dns_servers": [],
            "dns_servers": [],
            "enable_accelerated_networking": false,
            "enable_ip_forwarding": false,
            "id": "/subscriptions/efcd6506-0ba0-4788-8a59-66fde08366bc/resourceGroups/kubernetesrg/providers/Microsoft.Network/networkInterfaces/nic-worker1.localhostunir.local",
            "internal_dns_name_label": "",
            "internal_domain_name_suffix": "hjwpvlnpuvwu5ldqodqi5qsdnh.ax.internal.cloudapp.net",
            "ip_configuration": [
              {
                "name": "ipconfig-worker1.localhostunir.local",
                "primary": true,
                "private_ip_address": "10.0.1.20",
                "private_ip_address_allocation": "Static",
                "private_ip_address_version": "IPv4",
                "public_ip_address_id": "/subscriptions/efcd6506-0ba0-4788-8a59-66fde08366bc/resourceGroups/kubernetesrg/providers/Microsoft.Network/publicIPAddresses/pubip-worker1.localhostunir.local",
                "subnet_id": "/subscriptions/efcd6506-0ba0-4788-8a59-66fde08366bc/resourceGroups/kubernetesrg/providers/Microsoft.Network/virtualNetworks/kubernetesnet/subnets/terraformsubnet"
              }
            ],
            "location": "westeurope",
            "mac_address": "",
            "name": "nic-worker1.localhostunir.local",
            "private_ip_address": "10.0.1.20",
            "private_ip_addresses": [
              "10.0.1.20"
            ],
            "resource_group_name": "kubernetesrg",
            "tags": {
              "environment": "CP2"
            },
            "timeouts": null,
            "virtual_machine_id": ""
          },
          "sensitive_attributes": [],
          "private": "eyJlMmJmYjczMC1lY2FhLTExZTYtOGY4OC0zNDM2M2JjN2M0YzAiOnsiY3JlYXRlIjoxODAwMDAwMDAwMDAwLCJkZWxldGUiOjE4MDAwMDAwMDAwMDAsInJlYWQiOjMwMDAwMDAwMDAwMCwidXBkYXRlIjoxODAwMDAwMDAwMDAwfX0=",
          "dependencies": [
            "azurerm_public_ip.myPublicIPWorker",
            "azurerm_resource_group.rg",
            "azurerm_subnet.mySubnet",
            "azurerm_virtual_network.myNet"
          ]
        },
        {
          "index_key": 1,
          "schema_version": 0,
          "attributes": {
            "applied_dns_servers": [],
            "dns_servers": [],
            "enable_accelerated_networking": false,
            "enable_ip_forwarding": false,
            "id": "/subscriptions/efcd6506-0ba0-4788-8a59-66fde08366bc/resourceGroups/kubernetesrg/providers/Microsoft.Network/networkInterfaces/nic-worker2.localhostunir.local",
            "internal_dns_name_label": "",
            "internal_domain_name_suffix": "hjwpvlnpuvwu5ldqodqi5qsdnh.ax.internal.cloudapp.net",
            "ip_configuration": [
              {
                "name": "ipconfig-worker2.localhostunir.local",
                "primary": true,
                "private_ip_address": "10.0.1.21",
                "private_ip_address_allocation": "Static",
                "private_ip_address_version": "IPv4",
                "public_ip_address_id": "/subscriptions/efcd6506-0ba0-4788-8a59-66fde08366bc/resourceGroups/kubernetesrg/providers/Microsoft.Network/publicIPAddresses/pubip-worker2.localhostunir.local",
                "subnet_id": "/subscriptions/efcd6506-0ba0-4788-8a59-66fde08366bc/resourceGroups/kubernetesrg/providers/Microsoft.Network/virtualNetworks/kubernetesnet/subnets/terraformsubnet"
              }
            ],
            "location": "westeurope",
            "mac_address": "",
            "name": "nic-worker2.localhostunir.local",
            "private_ip_address": "10.0.1.21",
            "private_ip_addresses": [
              "10.0.1.21"
            ],
            "resource_group_name": "kubernetesrg",
            "tags": {
              "environment": "CP2"
            },
            "timeouts": null,
            "virtual_machine_id": ""
          },
          "sensitive_attributes": [],
          "private": "eyJlMmJmYjczMC1lY2FhLTExZTYtOGY4OC0zNDM2M2JjN2M0YzAiOnsiY3JlYXRlIjoxODAwMDAwMDAwMDAwLCJkZWxldGUiOjE4MDAwMDAwMDAwMDAsInJlYWQiOjMwMDAwMDAwMDAwMCwidXBkYXRlIjoxODAwMDAwMDAwMDAwfX0=",
          "dependencies": [
            "azurerm_public_ip.myPublicIPWorker",
            "azurerm_resource_group.rg",
            "azurerm_subnet.mySubnet",
            "azurerm_virtual_network.myNet"
          ]
        }
      ]
    },
    {
      "mode": "managed",
      "type": "azurerm_network_interface_security_group_association",
      "name": "mySecGroupAssociationMaster",
      "provider": "provider[\"registry.terraform.io/hashicorp/azurerm\"]",
      "instances": [
        {
          "index_key": 0,
          "schema_version": 0,
          "attributes": {
            "id": "/subscriptions/efcd6506-0ba0-4788-8a59-66fde08366bc/resourceGroups/kubernetesrg/providers/Microsoft.Network/networkInterfaces/nic-master.localhostunir.local|/subscriptions/efcd6506-0ba0-4788-8a59-66fde08366bc/resourceGroups/kubernetesrg/providers/Microsoft.Network/networkSecurityGroups/basictraffic",
            "network_interface_id": "/subscriptions/efcd6506-0ba0-4788-8a59-66fde08366bc/resourceGroups/kubernetesrg/providers/Microsoft.Network/networkInterfaces/nic-master.localhostunir.local",
            "network_security_group_id": "/subscriptions/efcd6506-0ba0-4788-8a59-66fde08366bc/resourceGroups/kubernetesrg/providers/Microsoft.Network/networkSecurityGroups/basictraffic",
            "timeouts": null
          },
          "sensitive_attributes": [],
          "private": "eyJlMmJmYjczMC1lY2FhLTExZTYtOGY4OC0zNDM2M2JjN2M0YzAiOnsiY3JlYXRlIjoxODAwMDAwMDAwMDAwLCJkZWxldGUiOjE4MDAwMDAwMDAwMDAsInJlYWQiOjMwMDAwMDAwMDAwMCwidXBkYXRlIjoxODAwMDAwMDAwMDAwfX0=",
          "dependencies": [
            "azurerm_network_interface.myNicMaster",
            "azurerm_network_security_group.mySecGroup",
            "azurerm_public_ip.myPublicIPMaster",
            "azurerm_resource_group.rg",
            "azurerm_subnet.mySubnet",
            "azurerm_virtual_network.myNet"
          ]
        }
      ]
    },
    {
      "mode": "managed",
      "type": "azurerm_network_interface_security_group_association",
      "name": "mySecGroupAssociationWorkers",
      "provider": "provider[\"registry.terraform.io/hashicorp/azurerm\"]",
      "instances": [
        {
          "index_key": 0,
          "schema_version": 0,
          "attributes": {
            "id": "/subscriptions/efcd6506-0ba0-4788-8a59-66fde08366bc/resourceGroups/kubernetesrg/providers/Microsoft.Network/networkInterfaces/nic-worker1.localhostunir.local|/subscriptions/efcd6506-0ba0-4788-8a59-66fde08366bc/resourceGroups/kubernetesrg/providers/Microsoft.Network/networkSecurityGroups/basictraffic",
            "network_interface_id": "/subscriptions/efcd6506-0ba0-4788-8a59-66fde08366bc/resourceGroups/kubernetesrg/providers/Microsoft.Network/networkInterfaces/nic-worker1.localhostunir.local",
            "network_security_group_id": "/subscriptions/efcd6506-0ba0-4788-8a59-66fde08366bc/resourceGroups/kubernetesrg/providers/Microsoft.Network/networkSecurityGroups/basictraffic",
            "timeouts": null
          },
          "sensitive_attributes": [],
          "private": "eyJlMmJmYjczMC1lY2FhLTExZTYtOGY4OC0zNDM2M2JjN2M0YzAiOnsiY3JlYXRlIjoxODAwMDAwMDAwMDAwLCJkZWxldGUiOjE4MDAwMDAwMDAwMDAsInJlYWQiOjMwMDAwMDAwMDAwMCwidXBkYXRlIjoxODAwMDAwMDAwMDAwfX0=",
          "dependencies": [
            "azurerm_network_interface.myNicWorkers",
            "azurerm_network_security_group.mySecGroup",
            "azurerm_public_ip.myPublicIPWorker",
            "azurerm_resource_group.rg",
            "azurerm_subnet.mySubnet",
            "azurerm_virtual_network.myNet"
          ]
        },
        {
          "index_key": 1,
          "schema_version": 0,
          "attributes": {
            "id": "/subscriptions/efcd6506-0ba0-4788-8a59-66fde08366bc/resourceGroups/kubernetesrg/providers/Microsoft.Network/networkInterfaces/nic-worker2.localhostunir.local|/subscriptions/efcd6506-0ba0-4788-8a59-66fde08366bc/resourceGroups/kubernetesrg/providers/Microsoft.Network/networkSecurityGroups/basictraffic",
            "network_interface_id": "/subscriptions/efcd6506-0ba0-4788-8a59-66fde08366bc/resourceGroups/kubernetesrg/providers/Microsoft.Network/networkInterfaces/nic-worker2.localhostunir.local",
            "network_security_group_id": "/subscriptions/efcd6506-0ba0-4788-8a59-66fde08366bc/resourceGroups/kubernetesrg/providers/Microsoft.Network/networkSecurityGroups/basictraffic",
            "timeouts": null
          },
          "sensitive_attributes": [],
          "private": "eyJlMmJmYjczMC1lY2FhLTExZTYtOGY4OC0zNDM2M2JjN2M0YzAiOnsiY3JlYXRlIjoxODAwMDAwMDAwMDAwLCJkZWxldGUiOjE4MDAwMDAwMDAwMDAsInJlYWQiOjMwMDAwMDAwMDAwMCwidXBkYXRlIjoxODAwMDAwMDAwMDAwfX0=",
          "dependencies": [
            "azurerm_network_interface.myNicWorkers",
            "azurerm_network_security_group.mySecGroup",
            "azurerm_public_ip.myPublicIPWorker",
            "azurerm_resource_group.rg",
            "azurerm_subnet.mySubnet",
            "azurerm_virtual_network.myNet"
          ]
        }
      ]
    },
    {
      "mode": "managed",
      "type": "azurerm_network_security_group",
      "name": "mySecGroup",
      "provider": "provider[\"registry.terraform.io/hashicorp/azurerm\"]",
      "instances": [
        {
          "schema_version": 0,
          "attributes": {
            "id": "/subscriptions/efcd6506-0ba0-4788-8a59-66fde08366bc/resourceGroups/kubernetesrg/providers/Microsoft.Network/networkSecurityGroups/basictraffic",
            "location": "westeurope",
            "name": "basictraffic",
            "resource_group_name": "kubernetesrg",
            "security_rule": [
              {
                "access": "Allow",
                "description": "",
                "destination_address_prefix": "*",
                "destination_address_prefixes": [],
                "destination_application_security_group_ids": [],
                "destination_port_range": "22",
                "destination_port_ranges": [],
                "direction": "Inbound",
                "name": "SSH",
                "priority": 1001,
                "protocol": "Tcp",
                "source_address_prefix": "*",
                "source_address_prefixes": [],
                "source_application_security_group_ids": [],
                "source_port_range": "*",
                "source_port_ranges": []
              },
              {
                "access": "Allow",
                "description": "",
                "destination_address_prefix": "*",
                "destination_address_prefixes": [],
                "destination_application_security_group_ids": [],
                "destination_port_range": "80",
                "destination_port_ranges": [],
                "direction": "Inbound",
                "name": "HTTP",
                "priority": 1002,
                "protocol": "Tcp",
                "source_address_prefix": "*",
                "source_address_prefixes": [],
                "source_application_security_group_ids": [],
                "source_port_range": "*",
                "source_port_ranges": []
              }
            ],
            "tags": {
              "environment": "CP2"
            },
            "timeouts": null
          },
          "sensitive_attributes": [],
          "private": "eyJlMmJmYjczMC1lY2FhLTExZTYtOGY4OC0zNDM2M2JjN2M0YzAiOnsiY3JlYXRlIjoxODAwMDAwMDAwMDAwLCJkZWxldGUiOjE4MDAwMDAwMDAwMDAsInJlYWQiOjMwMDAwMDAwMDAwMCwidXBkYXRlIjoxODAwMDAwMDAwMDAwfX0=",
          "dependencies": [
            "azurerm_resource_group.rg"
          ]
        }
      ]
    },
    {
      "mode": "managed",
      "type": "azurerm_public_ip",
      "name": "myPublicIPMaster",
      "provider": "provider[\"registry.terraform.io/hashicorp/azurerm\"]",
      "instances": [
        {
          "index_key": 0,
          "schema_version": 0,
          "attributes": {
            "allocation_method": "Static",
            "domain_name_label": null,
            "fqdn": null,
            "id": "/subscriptions/efcd6506-0ba0-4788-8a59-66fde08366bc/resourceGroups/kubernetesrg/providers/Microsoft.Network/publicIPAddresses/pubip-master.localhostunir.local",
            "idle_timeout_in_minutes": 4,
            "ip_address": "20.101.34.36",
            "ip_version": "IPv4",
            "location": "westeurope",
            "name": "pubip-master.localhostunir.local",
            "public_ip_prefix_id": null,
            "resource_group_name": "kubernetesrg",
            "reverse_fqdn": null,
            "sku": "Basic",
            "tags": {
              "environment": "CP2"
            },
            "timeouts": null,
            "zones": null
          },
          "sensitive_attributes": [],
          "private": "eyJlMmJmYjczMC1lY2FhLTExZTYtOGY4OC0zNDM2M2JjN2M0YzAiOnsiY3JlYXRlIjoxODAwMDAwMDAwMDAwLCJkZWxldGUiOjE4MDAwMDAwMDAwMDAsInJlYWQiOjMwMDAwMDAwMDAwMCwidXBkYXRlIjoxODAwMDAwMDAwMDAwfX0=",
          "dependencies": [
            "azurerm_resource_group.rg"
          ]
        }
      ]
    },
    {
      "mode": "managed",
      "type": "azurerm_public_ip",
      "name": "myPublicIPWorker",
      "provider": "provider[\"registry.terraform.io/hashicorp/azurerm\"]",
      "instances": [
        {
          "index_key": 0,
          "schema_version": 0,
          "attributes": {
            "allocation_method": "Static",
            "domain_name_label": null,
            "fqdn": null,
            "id": "/subscriptions/efcd6506-0ba0-4788-8a59-66fde08366bc/resourceGroups/kubernetesrg/providers/Microsoft.Network/publicIPAddresses/pubip-worker1.localhostunir.local",
            "idle_timeout_in_minutes": 4,
            "ip_address": "20.101.35.5",
            "ip_version": "IPv4",
            "location": "westeurope",
            "name": "pubip-worker1.localhostunir.local",
            "public_ip_prefix_id": null,
            "resource_group_name": "kubernetesrg",
            "reverse_fqdn": null,
            "sku": "Basic",
            "tags": {
              "environment": "CP2"
            },
            "timeouts": null,
            "zones": null
          },
          "sensitive_attributes": [],
          "private": "eyJlMmJmYjczMC1lY2FhLTExZTYtOGY4OC0zNDM2M2JjN2M0YzAiOnsiY3JlYXRlIjoxODAwMDAwMDAwMDAwLCJkZWxldGUiOjE4MDAwMDAwMDAwMDAsInJlYWQiOjMwMDAwMDAwMDAwMCwidXBkYXRlIjoxODAwMDAwMDAwMDAwfX0=",
          "dependencies": [
            "azurerm_resource_group.rg"
          ]
        },
        {
          "index_key": 1,
          "schema_version": 0,
          "attributes": {
            "allocation_method": "Static",
            "domain_name_label": null,
            "fqdn": null,
            "id": "/subscriptions/efcd6506-0ba0-4788-8a59-66fde08366bc/resourceGroups/kubernetesrg/providers/Microsoft.Network/publicIPAddresses/pubip-worker2.localhostunir.local",
            "idle_timeout_in_minutes": 4,
            "ip_address": "20.101.34.59",
            "ip_version": "IPv4",
            "location": "westeurope",
            "name": "pubip-worker2.localhostunir.local",
            "public_ip_prefix_id": null,
            "resource_group_name": "kubernetesrg",
            "reverse_fqdn": null,
            "sku": "Basic",
            "tags": {
              "environment": "CP2"
            },
            "timeouts": null,
            "zones": null
          },
          "sensitive_attributes": [],
          "private": "eyJlMmJmYjczMC1lY2FhLTExZTYtOGY4OC0zNDM2M2JjN2M0YzAiOnsiY3JlYXRlIjoxODAwMDAwMDAwMDAwLCJkZWxldGUiOjE4MDAwMDAwMDAwMDAsInJlYWQiOjMwMDAwMDAwMDAwMCwidXBkYXRlIjoxODAwMDAwMDAwMDAwfX0=",
          "dependencies": [
            "azurerm_resource_group.rg"
          ]
        }
      ]
    },
    {
      "mode": "managed",
      "type": "azurerm_resource_group",
      "name": "rg",
      "provider": "provider[\"registry.terraform.io/hashicorp/azurerm\"]",
      "instances": [
        {
          "schema_version": 0,
          "attributes": {
            "id": "/subscriptions/efcd6506-0ba0-4788-8a59-66fde08366bc/resourceGroups/kubernetesrg",
            "location": "westeurope",
            "name": "kubernetesrg",
            "tags": {
              "environment": "CP2"
            },
            "timeouts": null
          },
          "sensitive_attributes": [],
          "private": "eyJlMmJmYjczMC1lY2FhLTExZTYtOGY4OC0zNDM2M2JjN2M0YzAiOnsiY3JlYXRlIjo1NDAwMDAwMDAwMDAwLCJkZWxldGUiOjU0MDAwMDAwMDAwMDAsInJlYWQiOjMwMDAwMDAwMDAwMCwidXBkYXRlIjo1NDAwMDAwMDAwMDAwfX0="
        }
      ]
    },
    {
      "mode": "managed",
      "type": "azurerm_storage_account",
      "name": "stAccount",
      "provider": "provider[\"registry.terraform.io/hashicorp/azurerm\"]",
      "instances": [
        {
          "schema_version": 2,
          "attributes": {
            "access_tier": "Hot",
            "account_kind": "StorageV2",
            "account_replication_type": "LRS",
            "account_tier": "Standard",
            "allow_blob_public_access": false,
            "blob_properties": [],
            "custom_domain": [],
            "enable_https_traffic_only": true,
            "id": "/subscriptions/efcd6506-0ba0-4788-8a59-66fde08366bc/resourceGroups/kubernetesrg/providers/Microsoft.Storage/storageAccounts/storageddiezunir",
            "identity": [],
            "is_hns_enabled": false,
            "large_file_share_enabled": null,
            "location": "westeurope",
            "min_tls_version": "TLS1_2",
            "name": "storageddiezunir",
            "network_rules": [
              {
                "bypass": [
                  "AzureServices"
                ],
                "default_action": "Allow",
                "ip_rules": [],
                "virtual_network_subnet_ids": []
              }
            ],
            "primary_access_key": "RqafdPt7h9+AYTzF/pfZyJgcqInMhWR4dqKkyWuFvsg2rUW1QvXDqRl40BgW9mIgOybLVJi89tjwf/pJFjjP4A==",
            "primary_blob_connection_string": "DefaultEndpointsProtocol=https;BlobEndpoint=https://storageddiezunir.blob.core.windows.net/;AccountName=storageddiezunir;AccountKey=RqafdPt7h9+AYTzF/pfZyJgcqInMhWR4dqKkyWuFvsg2rUW1QvXDqRl40BgW9mIgOybLVJi89tjwf/pJFjjP4A==",
            "primary_blob_endpoint": "https://storageddiezunir.blob.core.windows.net/",
            "primary_blob_host": "storageddiezunir.blob.core.windows.net",
            "primary_connection_string": "DefaultEndpointsProtocol=https;AccountName=storageddiezunir;AccountKey=RqafdPt7h9+AYTzF/pfZyJgcqInMhWR4dqKkyWuFvsg2rUW1QvXDqRl40BgW9mIgOybLVJi89tjwf/pJFjjP4A==;EndpointSuffix=core.windows.net",
            "primary_dfs_endpoint": "https://storageddiezunir.dfs.core.windows.net/",
            "primary_dfs_host": "storageddiezunir.dfs.core.windows.net",
            "primary_file_endpoint": "https://storageddiezunir.file.core.windows.net/",
            "primary_file_host": "storageddiezunir.file.core.windows.net",
            "primary_location": "westeurope",
            "primary_queue_endpoint": "https://storageddiezunir.queue.core.windows.net/",
            "primary_queue_host": "storageddiezunir.queue.core.windows.net",
            "primary_table_endpoint": "https://storageddiezunir.table.core.windows.net/",
            "primary_table_host": "storageddiezunir.table.core.windows.net",
            "primary_web_endpoint": "https://storageddiezunir.z6.web.core.windows.net/",
            "primary_web_host": "storageddiezunir.z6.web.core.windows.net",
            "queue_properties": [
              {
                "cors_rule": [],
                "hour_metrics": [
                  {
                    "enabled": true,
                    "include_apis": true,
                    "retention_policy_days": 7,
                    "version": "1.0"
                  }
                ],
                "logging": [
                  {
                    "delete": false,
                    "read": false,
                    "retention_policy_days": 0,
                    "version": "1.0",
                    "write": false
                  }
                ],
                "minute_metrics": [
                  {
                    "enabled": false,
                    "include_apis": false,
                    "retention_policy_days": 0,
                    "version": "1.0"
                  }
                ]
              }
            ],
            "resource_group_name": "kubernetesrg",
            "secondary_access_key": "6QaMkWOR8C4mi83tx/s/0iBkNcywS+DpHkbq7dtY62b0YV8bsypYvc7fmUt586BACOH7d4E0Yx4jld4yEvSJOw==",
            "secondary_blob_connection_string": "",
            "secondary_blob_endpoint": null,
            "secondary_blob_host": null,
            "secondary_connection_string": "DefaultEndpointsProtocol=https;AccountName=storageddiezunir;AccountKey=6QaMkWOR8C4mi83tx/s/0iBkNcywS+DpHkbq7dtY62b0YV8bsypYvc7fmUt586BACOH7d4E0Yx4jld4yEvSJOw==;EndpointSuffix=core.windows.net",
            "secondary_dfs_endpoint": null,
            "secondary_dfs_host": null,
            "secondary_file_endpoint": null,
            "secondary_file_host": null,
            "secondary_location": "",
            "secondary_queue_endpoint": null,
            "secondary_queue_host": null,
            "secondary_table_endpoint": null,
            "secondary_table_host": null,
            "secondary_web_endpoint": null,
            "secondary_web_host": null,
            "static_website": [],
            "tags": {
              "environment": "CP2"
            },
            "timeouts": null
          },
          "sensitive_attributes": [],
          "private": "eyJlMmJmYjczMC1lY2FhLTExZTYtOGY4OC0zNDM2M2JjN2M0YzAiOnsiY3JlYXRlIjozNjAwMDAwMDAwMDAwLCJkZWxldGUiOjM2MDAwMDAwMDAwMDAsInJlYWQiOjMwMDAwMDAwMDAwMCwidXBkYXRlIjozNjAwMDAwMDAwMDAwfSwic2NoZW1hX3ZlcnNpb24iOiIyIn0=",
          "dependencies": [
            "azurerm_resource_group.rg"
          ]
        }
      ]
    },
    {
      "mode": "managed",
      "type": "azurerm_subnet",
      "name": "mySubnet",
      "provider": "provider[\"registry.terraform.io/hashicorp/azurerm\"]",
      "instances": [
        {
          "schema_version": 0,
          "attributes": {
            "address_prefix": "10.0.1.0/24",
            "address_prefixes": [
              "10.0.1.0/24"
            ],
            "delegation": [],
            "enforce_private_link_endpoint_network_policies": false,
            "enforce_private_link_service_network_policies": false,
            "id": "/subscriptions/efcd6506-0ba0-4788-8a59-66fde08366bc/resourceGroups/kubernetesrg/providers/Microsoft.Network/virtualNetworks/kubernetesnet/subnets/terraformsubnet",
            "name": "terraformsubnet",
            "resource_group_name": "kubernetesrg",
            "service_endpoint_policy_ids": null,
            "service_endpoints": null,
            "timeouts": null,
            "virtual_network_name": "kubernetesnet"
          },
          "sensitive_attributes": [],
          "private": "eyJlMmJmYjczMC1lY2FhLTExZTYtOGY4OC0zNDM2M2JjN2M0YzAiOnsiY3JlYXRlIjoxODAwMDAwMDAwMDAwLCJkZWxldGUiOjE4MDAwMDAwMDAwMDAsInJlYWQiOjMwMDAwMDAwMDAwMCwidXBkYXRlIjoxODAwMDAwMDAwMDAwfX0=",
          "dependencies": [
            "azurerm_resource_group.rg",
            "azurerm_virtual_network.myNet"
          ]
        }
      ]
    },
    {
      "mode": "managed",
      "type": "azurerm_virtual_network",
      "name": "myNet",
      "provider": "provider[\"registry.terraform.io/hashicorp/azurerm\"]",
      "instances": [
        {
          "schema_version": 0,
          "attributes": {
            "address_space": [
              "10.0.0.0/16"
            ],
            "bgp_community": "",
            "ddos_protection_plan": [],
            "dns_servers": null,
            "guid": "adfa6c3a-a5af-4f6d-ac70-70e08fc2436f",
            "id": "/subscriptions/efcd6506-0ba0-4788-8a59-66fde08366bc/resourceGroups/kubernetesrg/providers/Microsoft.Network/virtualNetworks/kubernetesnet",
            "location": "westeurope",
            "name": "kubernetesnet",
            "resource_group_name": "kubernetesrg",
            "subnet": [],
            "tags": {
              "environment": "CP2"
            },
            "timeouts": null,
            "vm_protection_enabled": false
          },
          "sensitive_attributes": [],
          "private": "eyJlMmJmYjczMC1lY2FhLTExZTYtOGY4OC0zNDM2M2JjN2M0YzAiOnsiY3JlYXRlIjoxODAwMDAwMDAwMDAwLCJkZWxldGUiOjE4MDAwMDAwMDAwMDAsInJlYWQiOjMwMDAwMDAwMDAwMCwidXBkYXRlIjoxODAwMDAwMDAwMDAwfX0=",
          "dependencies": [
            "azurerm_resource_group.rg"
          ]
        }
      ]
    }
  ]
}
